// !$*UTF8*$!
{
	archiveVersion = 1;
	classes = {
	};
	objectVersion = 56;
	objects = {

/* Begin PBXBuildFile section */
		ECCC18A02C1833140059276B /* MiniChallenge2App.swift in Sources */ = {isa = PBXBuildFile; fileRef = ECCC189F2C1833140059276B /* MiniChallenge2App.swift */; };
		ECCC18A22C1833140059276B /* ContentView.swift in Sources */ = {isa = PBXBuildFile; fileRef = ECCC18A12C1833140059276B /* ContentView.swift */; };
		ECCC18A42C1833160059276B /* Assets.xcassets in Resources */ = {isa = PBXBuildFile; fileRef = ECCC18A32C1833160059276B /* Assets.xcassets */; };
		ECCC18A82C1833160059276B /* Preview Assets.xcassets in Resources */ = {isa = PBXBuildFile; fileRef = ECCC18A72C1833160059276B /* Preview Assets.xcassets */; };
		ECCC18AF2C18364E0059276B /* MazeScene.swift in Sources */ = {isa = PBXBuildFile; fileRef = ECCC18AE2C18364E0059276B /* MazeScene.swift */; };
		ECCC18B12C1837810059276B /* MazeScene.sks in Resources */ = {isa = PBXBuildFile; fileRef = ECCC18B02C1837810059276B /* MazeScene.sks */; };
		ECCC19262C18C72B0059276B /* PlayerPairingView.swift in Sources */ = {isa = PBXBuildFile; fileRef = ECCC19252C18C72B0059276B /* PlayerPairingView.swift */; };
		ECCC19282C18CB8D0059276B /* MultipeerConnectionManager.swift in Sources */ = {isa = PBXBuildFile; fileRef = ECCC19272C18CB8D0059276B /* MultipeerConnectionManager.swift */; };
		ECCC192A2C1941030059276B /* MultipeerModel.swift in Sources */ = {isa = PBXBuildFile; fileRef = ECCC19292C1941030059276B /* MultipeerModel.swift */; };
		ECCC192D2C1975CB0059276B /* GameScene.swift in Sources */ = {isa = PBXBuildFile; fileRef = ECCC192C2C1975CB0059276B /* GameScene.swift */; };
		ECCC192F2C19790E0059276B /* PlayerModel.swift in Sources */ = {isa = PBXBuildFile; fileRef = ECCC192E2C19790E0059276B /* PlayerModel.swift */; };
		ECCC19342C1A3F890059276B /* GameView.swift in Sources */ = {isa = PBXBuildFile; fileRef = ECCC19332C1A3F890059276B /* GameView.swift */; };
		ECCC19382C1AD2E30059276B /* GameSceneTest.swift in Sources */ = {isa = PBXBuildFile; fileRef = ECCC19372C1AD2E30059276B /* GameSceneTest.swift */; };
/* End PBXBuildFile section */

/* Begin PBXFileReference section */
		ECCC189C2C1833140059276B /* MiniChallenge2.app */ = {isa = PBXFileReference; explicitFileType = wrapper.application; includeInIndex = 0; path = MiniChallenge2.app; sourceTree = BUILT_PRODUCTS_DIR; };
		ECCC189F2C1833140059276B /* MiniChallenge2App.swift */ = {isa = PBXFileReference; lastKnownFileType = sourcecode.swift; path = MiniChallenge2App.swift; sourceTree = "<group>"; };
		ECCC18A12C1833140059276B /* ContentView.swift */ = {isa = PBXFileReference; lastKnownFileType = sourcecode.swift; path = ContentView.swift; sourceTree = "<group>"; };
		ECCC18A32C1833160059276B /* Assets.xcassets */ = {isa = PBXFileReference; lastKnownFileType = folder.assetcatalog; path = Assets.xcassets; sourceTree = "<group>"; };
		ECCC18A52C1833160059276B /* MiniChallenge2.entitlements */ = {isa = PBXFileReference; lastKnownFileType = text.plist.entitlements; path = MiniChallenge2.entitlements; sourceTree = "<group>"; };
		ECCC18A72C1833160059276B /* Preview Assets.xcassets */ = {isa = PBXFileReference; lastKnownFileType = folder.assetcatalog; path = "Preview Assets.xcassets"; sourceTree = "<group>"; };
		ECCC18AE2C18364E0059276B /* MazeScene.swift */ = {isa = PBXFileReference; lastKnownFileType = sourcecode.swift; path = MazeScene.swift; sourceTree = "<group>"; };
		ECCC18B02C1837810059276B /* MazeScene.sks */ = {isa = PBXFileReference; lastKnownFileType = file.sks; path = MazeScene.sks; sourceTree = "<group>"; };
		ECCC19252C18C72B0059276B /* PlayerPairingView.swift */ = {isa = PBXFileReference; lastKnownFileType = sourcecode.swift; path = PlayerPairingView.swift; sourceTree = "<group>"; };
		ECCC19272C18CB8D0059276B /* MultipeerConnectionManager.swift */ = {isa = PBXFileReference; lastKnownFileType = sourcecode.swift; path = MultipeerConnectionManager.swift; sourceTree = "<group>"; };
		ECCC19292C1941030059276B /* MultipeerModel.swift */ = {isa = PBXFileReference; lastKnownFileType = sourcecode.swift; path = MultipeerModel.swift; sourceTree = "<group>"; };
		ECCC192C2C1975CB0059276B /* GameScene.swift */ = {isa = PBXFileReference; lastKnownFileType = sourcecode.swift; path = GameScene.swift; sourceTree = "<group>"; };
		ECCC192E2C19790E0059276B /* PlayerModel.swift */ = {isa = PBXFileReference; lastKnownFileType = sourcecode.swift; path = PlayerModel.swift; sourceTree = "<group>"; };
		ECCC19322C1A38BB0059276B /* Info.plist */ = {isa = PBXFileReference; lastKnownFileType = text.plist; path = Info.plist; sourceTree = "<group>"; };
		ECCC19332C1A3F890059276B /* GameView.swift */ = {isa = PBXFileReference; lastKnownFileType = sourcecode.swift; path = GameView.swift; sourceTree = "<group>"; };
		ECCC19372C1AD2E30059276B /* GameSceneTest.swift */ = {isa = PBXFileReference; lastKnownFileType = sourcecode.swift; path = GameSceneTest.swift; sourceTree = "<group>"; };
/* End PBXFileReference section */

/* Begin PBXFrameworksBuildPhase section */
		ECCC18992C1833140059276B /* Frameworks */ = {
			isa = PBXFrameworksBuildPhase;
			buildActionMask = 2147483647;
			files = (
			);
			runOnlyForDeploymentPostprocessing = 0;
		};
/* End PBXFrameworksBuildPhase section */

/* Begin PBXGroup section */
		ECCC18932C1833140059276B = {
			isa = PBXGroup;
			children = (
				ECCC19372C1AD2E30059276B /* GameSceneTest.swift */,
				ECCC189E2C1833140059276B /* MiniChallenge2 */,
				ECCC189D2C1833140059276B /* Products */,
			);
			sourceTree = "<group>";
		};
		ECCC189D2C1833140059276B /* Products */ = {
			isa = PBXGroup;
			children = (
				ECCC189C2C1833140059276B /* MiniChallenge2.app */,
			);
			name = Products;
			sourceTree = "<group>";
		};
		ECCC189E2C1833140059276B /* MiniChallenge2 */ = {
			isa = PBXGroup;
			children = (
				ECCC189F2C1833140059276B /* MiniChallenge2App.swift */,
				ECCC18A12C1833140059276B /* ContentView.swift */,
				ECCC19362C1AA9B50059276B /* View */,
				ECCC19352C1AA9A20059276B /* Model */,
				ECCC19322C1A38BB0059276B /* Info.plist */,
				ECCC192B2C194FA70059276B /* MultipeerConnectivity */,
				ECCC18A32C1833160059276B /* Assets.xcassets */,
				ECCC18A52C1833160059276B /* MiniChallenge2.entitlements */,
				ECCC18A62C1833160059276B /* Preview Content */,
				ECCC18AE2C18364E0059276B /* MazeScene.swift */,
				ECCC18B02C1837810059276B /* MazeScene.sks */,
				ECCC192C2C1975CB0059276B /* GameScene.swift */,
			);
			path = MiniChallenge2;
			sourceTree = "<group>";
		};
		ECCC18A62C1833160059276B /* Preview Content */ = {
			isa = PBXGroup;
			children = (
				ECCC18A72C1833160059276B /* Preview Assets.xcassets */,
			);
			path = "Preview Content";
			sourceTree = "<group>";
		};
		ECCC192B2C194FA70059276B /* MultipeerConnectivity */ = {
			isa = PBXGroup;
			children = (
				ECCC19272C18CB8D0059276B /* MultipeerConnectionManager.swift */,
				ECCC19292C1941030059276B /* MultipeerModel.swift */,
			);
			path = MultipeerConnectivity;
			sourceTree = "<group>";
		};
		ECCC19352C1AA9A20059276B /* Model */ = {
			isa = PBXGroup;
			children = (
				ECCC192E2C19790E0059276B /* PlayerModel.swift */,
			);
			path = Model;
			sourceTree = "<group>";
		};
		ECCC19362C1AA9B50059276B /* View */ = {
			isa = PBXGroup;
			children = (
				ECCC19332C1A3F890059276B /* GameView.swift */,
				ECCC19252C18C72B0059276B /* PlayerPairingView.swift */,
			);
			path = View;
			sourceTree = "<group>";
		};
/* End PBXGroup section */

/* Begin PBXNativeTarget section */
		ECCC189B2C1833140059276B /* MiniChallenge2 */ = {
			isa = PBXNativeTarget;
			buildConfigurationList = ECCC18AB2C1833160059276B /* Build configuration list for PBXNativeTarget "MiniChallenge2" */;
			buildPhases = (
				ECCC18982C1833140059276B /* Sources */,
				ECCC18992C1833140059276B /* Frameworks */,
				ECCC189A2C1833140059276B /* Resources */,
			);
			buildRules = (
			);
			dependencies = (
			);
			name = MiniChallenge2;
			productName = MiniChallenge2;
			productReference = ECCC189C2C1833140059276B /* MiniChallenge2.app */;
			productType = "com.apple.product-type.application";
		};
/* End PBXNativeTarget section */

/* Begin PBXProject section */
		ECCC18942C1833140059276B /* Project object */ = {
			isa = PBXProject;
			attributes = {
				BuildIndependentTargetsInParallel = 1;
				LastSwiftUpdateCheck = 1530;
				LastUpgradeCheck = 1530;
				TargetAttributes = {
					ECCC189B2C1833140059276B = {
						CreatedOnToolsVersion = 15.3;
					};
				};
			};
			buildConfigurationList = ECCC18972C1833140059276B /* Build configuration list for PBXProject "MiniChallenge2" */;
			compatibilityVersion = "Xcode 14.0";
			developmentRegion = en;
			hasScannedForEncodings = 0;
			knownRegions = (
				en,
				Base,
			);
			mainGroup = ECCC18932C1833140059276B;
			productRefGroup = ECCC189D2C1833140059276B /* Products */;
			projectDirPath = "";
			projectRoot = "";
			targets = (
				ECCC189B2C1833140059276B /* MiniChallenge2 */,
			);
		};
/* End PBXProject section */

/* Begin PBXResourcesBuildPhase section */
		ECCC189A2C1833140059276B /* Resources */ = {
			isa = PBXResourcesBuildPhase;
			buildActionMask = 2147483647;
			files = (
				ECCC18A82C1833160059276B /* Preview Assets.xcassets in Resources */,
				ECCC18B12C1837810059276B /* MazeScene.sks in Resources */,
				ECCC18A42C1833160059276B /* Assets.xcassets in Resources */,
			);
			runOnlyForDeploymentPostprocessing = 0;
		};
/* End PBXResourcesBuildPhase section */

/* Begin PBXSourcesBuildPhase section */
		ECCC18982C1833140059276B /* Sources */ = {
			isa = PBXSourcesBuildPhase;
			buildActionMask = 2147483647;
			files = (
				ECCC18AF2C18364E0059276B /* MazeScene.swift in Sources */,
				ECCC192A2C1941030059276B /* MultipeerModel.swift in Sources */,
				ECCC192F2C19790E0059276B /* PlayerModel.swift in Sources */,
				ECCC18A22C1833140059276B /* ContentView.swift in Sources */,
				ECCC19342C1A3F890059276B /* GameView.swift in Sources */,
				ECCC19282C18CB8D0059276B /* MultipeerConnectionManager.swift in Sources */,
				ECCC19382C1AD2E30059276B /* GameSceneTest.swift in Sources */,
				ECCC19262C18C72B0059276B /* PlayerPairingView.swift in Sources */,
				ECCC192D2C1975CB0059276B /* GameScene.swift in Sources */,
				ECCC18A02C1833140059276B /* MiniChallenge2App.swift in Sources */,
			);
			runOnlyForDeploymentPostprocessing = 0;
		};
/* End PBXSourcesBuildPhase section */

/* Begin XCBuildConfiguration section */
		ECCC18A92C1833160059276B /* Debug */ = {
			isa = XCBuildConfiguration;
			buildSettings = {
				ALWAYS_SEARCH_USER_PATHS = NO;
				ASSETCATALOG_COMPILER_GENERATE_SWIFT_ASSET_SYMBOL_EXTENSIONS = YES;
				CLANG_ANALYZER_NONNULL = YES;
				CLANG_ANALYZER_NUMBER_OBJECT_CONVERSION = YES_AGGRESSIVE;
				CLANG_CXX_LANGUAGE_STANDARD = "gnu++20";
				CLANG_ENABLE_MODULES = YES;
				CLANG_ENABLE_OBJC_ARC = YES;
				CLANG_ENABLE_OBJC_WEAK = YES;
				CLANG_WARN_BLOCK_CAPTURE_AUTORELEASING = YES;
				CLANG_WARN_BOOL_CONVERSION = YES;
				CLANG_WARN_COMMA = YES;
				CLANG_WARN_CONSTANT_CONVERSION = YES;
				CLANG_WARN_DEPRECATED_OBJC_IMPLEMENTATIONS = YES;
				CLANG_WARN_DIRECT_OBJC_ISA_USAGE = YES_ERROR;
				CLANG_WARN_DOCUMENTATION_COMMENTS = YES;
				CLANG_WARN_EMPTY_BODY = YES;
				CLANG_WARN_ENUM_CONVERSION = YES;
				CLANG_WARN_INFINITE_RECURSION = YES;
				CLANG_WARN_INT_CONVERSION = YES;
				CLANG_WARN_NON_LITERAL_NULL_CONVERSION = YES;
				CLANG_WARN_OBJC_IMPLICIT_RETAIN_SELF = YES;
				CLANG_WARN_OBJC_LITERAL_CONVERSION = YES;
				CLANG_WARN_OBJC_ROOT_CLASS = YES_ERROR;
				CLANG_WARN_QUOTED_INCLUDE_IN_FRAMEWORK_HEADER = YES;
				CLANG_WARN_RANGE_LOOP_ANALYSIS = YES;
				CLANG_WARN_STRICT_PROTOTYPES = YES;
				CLANG_WARN_SUSPICIOUS_MOVE = YES;
				CLANG_WARN_UNGUARDED_AVAILABILITY = YES_AGGRESSIVE;
				CLANG_WARN_UNREACHABLE_CODE = YES;
				CLANG_WARN__DUPLICATE_METHOD_MATCH = YES;
				COPY_PHASE_STRIP = NO;
				DEBUG_INFORMATION_FORMAT = dwarf;
				ENABLE_STRICT_OBJC_MSGSEND = YES;
				ENABLE_TESTABILITY = YES;
				ENABLE_USER_SCRIPT_SANDBOXING = YES;
				GCC_C_LANGUAGE_STANDARD = gnu17;
				GCC_DYNAMIC_NO_PIC = NO;
				GCC_NO_COMMON_BLOCKS = YES;
				GCC_OPTIMIZATION_LEVEL = 0;
				GCC_PREPROCESSOR_DEFINITIONS = (
					"DEBUG=1",
					"$(inherited)",
				);
				GCC_WARN_64_TO_32_BIT_CONVERSION = YES;
				GCC_WARN_ABOUT_RETURN_TYPE = YES_ERROR;
				GCC_WARN_UNDECLARED_SELECTOR = YES;
				GCC_WARN_UNINITIALIZED_AUTOS = YES_AGGRESSIVE;
				GCC_WARN_UNUSED_FUNCTION = YES;
				GCC_WARN_UNUSED_VARIABLE = YES;
				LOCALIZATION_PREFERS_STRING_CATALOGS = YES;
				MTL_ENABLE_DEBUG_INFO = INCLUDE_SOURCE;
				MTL_FAST_MATH = YES;
				ONLY_ACTIVE_ARCH = YES;
				SWIFT_ACTIVE_COMPILATION_CONDITIONS = "DEBUG $(inherited)";
				SWIFT_OPTIMIZATION_LEVEL = "-Onone";
			};
			name = Debug;
		};
		ECCC18AA2C1833160059276B /* Release */ = {
			isa = XCBuildConfiguration;
			buildSettings = {
				ALWAYS_SEARCH_USER_PATHS = NO;
				ASSETCATALOG_COMPILER_GENERATE_SWIFT_ASSET_SYMBOL_EXTENSIONS = YES;
				CLANG_ANALYZER_NONNULL = YES;
				CLANG_ANALYZER_NUMBER_OBJECT_CONVERSION = YES_AGGRESSIVE;
				CLANG_CXX_LANGUAGE_STANDARD = "gnu++20";
				CLANG_ENABLE_MODULES = YES;
				CLANG_ENABLE_OBJC_ARC = YES;
				CLANG_ENABLE_OBJC_WEAK = YES;
				CLANG_WARN_BLOCK_CAPTURE_AUTORELEASING = YES;
				CLANG_WARN_BOOL_CONVERSION = YES;
				CLANG_WARN_COMMA = YES;
				CLANG_WARN_CONSTANT_CONVERSION = YES;
				CLANG_WARN_DEPRECATED_OBJC_IMPLEMENTATIONS = YES;
				CLANG_WARN_DIRECT_OBJC_ISA_USAGE = YES_ERROR;
				CLANG_WARN_DOCUMENTATION_COMMENTS = YES;
				CLANG_WARN_EMPTY_BODY = YES;
				CLANG_WARN_ENUM_CONVERSION = YES;
				CLANG_WARN_INFINITE_RECURSION = YES;
				CLANG_WARN_INT_CONVERSION = YES;
				CLANG_WARN_NON_LITERAL_NULL_CONVERSION = YES;
				CLANG_WARN_OBJC_IMPLICIT_RETAIN_SELF = YES;
				CLANG_WARN_OBJC_LITERAL_CONVERSION = YES;
				CLANG_WARN_OBJC_ROOT_CLASS = YES_ERROR;
				CLANG_WARN_QUOTED_INCLUDE_IN_FRAMEWORK_HEADER = YES;
				CLANG_WARN_RANGE_LOOP_ANALYSIS = YES;
				CLANG_WARN_STRICT_PROTOTYPES = YES;
				CLANG_WARN_SUSPICIOUS_MOVE = YES;
				CLANG_WARN_UNGUARDED_AVAILABILITY = YES_AGGRESSIVE;
				CLANG_WARN_UNREACHABLE_CODE = YES;
				CLANG_WARN__DUPLICATE_METHOD_MATCH = YES;
				COPY_PHASE_STRIP = NO;
				DEBUG_INFORMATION_FORMAT = "dwarf-with-dsym";
				ENABLE_NS_ASSERTIONS = NO;
				ENABLE_STRICT_OBJC_MSGSEND = YES;
				ENABLE_USER_SCRIPT_SANDBOXING = YES;
				GCC_C_LANGUAGE_STANDARD = gnu17;
				GCC_NO_COMMON_BLOCKS = YES;
				GCC_WARN_64_TO_32_BIT_CONVERSION = YES;
				GCC_WARN_ABOUT_RETURN_TYPE = YES_ERROR;
				GCC_WARN_UNDECLARED_SELECTOR = YES;
				GCC_WARN_UNINITIALIZED_AUTOS = YES_AGGRESSIVE;
				GCC_WARN_UNUSED_FUNCTION = YES;
				GCC_WARN_UNUSED_VARIABLE = YES;
				LOCALIZATION_PREFERS_STRING_CATALOGS = YES;
				MTL_ENABLE_DEBUG_INFO = NO;
				MTL_FAST_MATH = YES;
				SWIFT_COMPILATION_MODE = wholemodule;
			};
			name = Release;
		};
		ECCC18AC2C1833160059276B /* Debug */ = {
			isa = XCBuildConfiguration;
			buildSettings = {
				ASSETCATALOG_COMPILER_APPICON_NAME = AppIcon;
				ASSETCATALOG_COMPILER_GLOBAL_ACCENT_COLOR_NAME = AccentColor;
				CODE_SIGN_ENTITLEMENTS = MiniChallenge2/MiniChallenge2.entitlements;
				CODE_SIGN_STYLE = Automatic;
				CURRENT_PROJECT_VERSION = 1;
				DEVELOPMENT_ASSET_PATHS = "\"MiniChallenge2/Preview Content\"";
				DEVELOPMENT_TEAM = H68BB9ZMUS;
				ENABLE_HARDENED_RUNTIME = YES;
				ENABLE_PREVIEWS = YES;
				GENERATE_INFOPLIST_FILE = YES;
				INFOPLIST_FILE = MiniChallenge2/Info.plist;
				INFOPLIST_KEY_NSLocalNetworkUsageDescription = "Allow Us to Access Your Local Network for Multiplayer";
				"INFOPLIST_KEY_UIApplicationSceneManifest_Generation[sdk=iphoneos*]" = YES;
				"INFOPLIST_KEY_UIApplicationSceneManifest_Generation[sdk=iphonesimulator*]" = YES;
				"INFOPLIST_KEY_UIApplicationSupportsIndirectInputEvents[sdk=iphoneos*]" = YES;
				"INFOPLIST_KEY_UIApplicationSupportsIndirectInputEvents[sdk=iphonesimulator*]" = YES;
				"INFOPLIST_KEY_UILaunchScreen_Generation[sdk=iphoneos*]" = YES;
				"INFOPLIST_KEY_UILaunchScreen_Generation[sdk=iphonesimulator*]" = YES;
				"INFOPLIST_KEY_UIStatusBarStyle[sdk=iphoneos*]" = UIStatusBarStyleDefault;
				"INFOPLIST_KEY_UIStatusBarStyle[sdk=iphonesimulator*]" = UIStatusBarStyleDefault;
				INFOPLIST_KEY_UISupportedInterfaceOrientations = "UIInterfaceOrientationLandscapeLeft UIInterfaceOrientationLandscapeRight";
				IPHONEOS_DEPLOYMENT_TARGET = 17.1;
				LD_RUNPATH_SEARCH_PATHS = "@executable_path/Frameworks";
				"LD_RUNPATH_SEARCH_PATHS[sdk=macosx*]" = "@executable_path/../Frameworks";
				MACOSX_DEPLOYMENT_TARGET = 14.3;
				MARKETING_VERSION = 1.0;
				PRODUCT_BUNDLE_IDENTIFIER = com.taniaCresentia.MiniChallenge2;
				PRODUCT_NAME = "$(TARGET_NAME)";
				SDKROOT = auto;
				SUPPORTED_PLATFORMS = "iphoneos iphonesimulator macosx";
				SWIFT_EMIT_LOC_STRINGS = YES;
				SWIFT_VERSION = 5.0;
				TARGETED_DEVICE_FAMILY = "1,2";
			};
			name = Debug;
		};
		ECCC18AD2C1833160059276B /* Release */ = {
			isa = XCBuildConfiguration;
			buildSettings = {
				ASSETCATALOG_COMPILER_APPICON_NAME = AppIcon;
				ASSETCATALOG_COMPILER_GLOBAL_ACCENT_COLOR_NAME = AccentColor;
				CODE_SIGN_ENTITLEMENTS = MiniChallenge2/MiniChallenge2.entitlements;
				CODE_SIGN_STYLE = Automatic;
				CURRENT_PROJECT_VERSION = 1;
				DEVELOPMENT_ASSET_PATHS = "\"MiniChallenge2/Preview Content\"";
				DEVELOPMENT_TEAM = H68BB9ZMUS;
				ENABLE_HARDENED_RUNTIME = YES;
				ENABLE_PREVIEWS = YES;
				GENERATE_INFOPLIST_FILE = YES;
				INFOPLIST_FILE = MiniChallenge2/Info.plist;
				INFOPLIST_KEY_NSLocalNetworkUsageDescription = "Allow Us to Access Your Local Network for Multiplayer";
				"INFOPLIST_KEY_UIApplicationSceneManifest_Generation[sdk=iphoneos*]" = YES;
				"INFOPLIST_KEY_UIApplicationSceneManifest_Generation[sdk=iphonesimulator*]" = YES;
				"INFOPLIST_KEY_UIApplicationSupportsIndirectInputEvents[sdk=iphoneos*]" = YES;
				"INFOPLIST_KEY_UIApplicationSupportsIndirectInputEvents[sdk=iphonesimulator*]" = YES;
				"INFOPLIST_KEY_UILaunchScreen_Generation[sdk=iphoneos*]" = YES;
				"INFOPLIST_KEY_UILaunchScreen_Generation[sdk=iphonesimulator*]" = YES;
				"INFOPLIST_KEY_UIStatusBarStyle[sdk=iphoneos*]" = UIStatusBarStyleDefault;
				"INFOPLIST_KEY_UIStatusBarStyle[sdk=iphonesimulator*]" = UIStatusBarStyleDefault;
				INFOPLIST_KEY_UISupportedInterfaceOrientations = "UIInterfaceOrientationLandscapeLeft UIInterfaceOrientationLandscapeRight";
				IPHONEOS_DEPLOYMENT_TARGET = 17.1;
				LD_RUNPATH_SEARCH_PATHS = "@executable_path/Frameworks";
				"LD_RUNPATH_SEARCH_PATHS[sdk=macosx*]" = "@executable_path/../Frameworks";
				MACOSX_DEPLOYMENT_TARGET = 14.3;
				MARKETING_VERSION = 1.0;
				PRODUCT_BUNDLE_IDENTIFIER = com.taniaCresentia.MiniChallenge2;
				PRODUCT_NAME = "$(TARGET_NAME)";
				SDKROOT = auto;
				SUPPORTED_PLATFORMS = "iphoneos iphonesimulator macosx";
				SWIFT_EMIT_LOC_STRINGS = YES;
				SWIFT_VERSION = 5.0;
				TARGETED_DEVICE_FAMILY = "1,2";
			};
			name = Release;
		};
/* End XCBuildConfiguration section */

/* Begin XCConfigurationList section */
		ECCC18972C1833140059276B /* Build configuration list for PBXProject "MiniChallenge2" */ = {
			isa = XCConfigurationList;
			buildConfigurations = (
				ECCC18A92C1833160059276B /* Debug */,
				ECCC18AA2C1833160059276B /* Release */,
			);
			defaultConfigurationIsVisible = 0;
			defaultConfigurationName = Release;
		};
		ECCC18AB2C1833160059276B /* Build configuration list for PBXNativeTarget "MiniChallenge2" */ = {
			isa = XCConfigurationList;
			buildConfigurations = (
				ECCC18AC2C1833160059276B /* Debug */,
				ECCC18AD2C1833160059276B /* Release */,
			);
			defaultConfigurationIsVisible = 0;
			defaultConfigurationName = Release;
		};
/* End XCConfigurationList section */
	};
	rootObject = ECCC18942C1833140059276B /* Project object */;
}
